
Microsoft Visual Studio Solution File, Format Version 12.00
# Visual Studio Version 17
VisualStudioVersion = 17.0.31903.59
MinimumVisualStudioVersion = 10.0.40219.1
Project("{9A19103F-16F7-4668-BE54-9A1E7A4F7556}") = "RonSijm.Git2Proj", "src\RonSijm.Git2Proj\RonSijm.Git2Proj.csproj", "{16E172D6-AE6F-46FE-87E8-30119A67CD50}"
EndProject
Project("{9A19103F-16F7-4668-BE54-9A1E7A4F7556}") = "RonSijm.Git2Proj.Tests", "tests\RonSijm.Git2Proj.Tests\RonSijm.Git2Proj.Tests.csproj", "{2E9F038E-CF0F-40D0-82EE-1D5E2DB9C34F}"
EndProject
Global
	GlobalSection(SolutionConfigurationPlatforms) = preSolution
		Debug|Any CPU = Debug|Any CPU
		Release|Any CPU = Release|Any CPU
	EndGlobalSection
	GlobalSection(ProjectConfigurationPlatforms) = postSolution
		{16E172D6-AE6F-46FE-87E8-30119A67CD50}.Debug|Any CPU.ActiveCfg = Debug|Any CPU
		{16E172D6-AE6F-46FE-87E8-30119A67CD50}.Debug|Any CPU.Build.0 = Debug|Any CPU
		{16E172D6-AE6F-46FE-87E8-30119A67CD50}.Release|Any CPU.ActiveCfg = Release|Any CPU
		{16E172D6-AE6F-46FE-87E8-30119A67CD50}.Release|Any CPU.Build.0 = Release|Any CPU
		{2E9F038E-CF0F-40D0-82EE-1D5E2DB9C34F}.Debug|Any CPU.ActiveCfg = Debug|Any CPU
		{2E9F038E-CF0F-40D0-82EE-1D5E2DB9C34F}.Debug|Any CPU.Build.0 = Debug|Any CPU
		{2E9F038E-CF0F-40D0-82EE-1D5E2DB9C34F}.Release|Any CPU.ActiveCfg = Release|Any CPU
		{2E9F038E-CF0F-40D0-82EE-1D5E2DB9C34F}.Release|Any CPU.Build.0 = Release|Any CPU
	EndGlobalSection
	GlobalSection(SolutionProperties) = preSolution
		HideSolutionNode = FALSE
	EndGlobalSection
EndGlobal
